# THIS IS AN AUTOGENERATED FILE. DO NOT EDIT THIS FILE DIRECTLY.
# yarn lockfile v1


agentkeepalive@^4.0.0:
  version "4.0.0"
  resolved "https://registry.yarnpkg.com/agentkeepalive/-/agentkeepalive-4.0.0.tgz#777e7e4c828bde2690cc7a374ede587d45ba4271"
  integrity sha512-McCjHBAI3FGTy9XOMDr/8qzXK4VBL3h+O/TqlBdsyiwX21SdPCQhPIX0Y1HS5ctO5m2maVQRJWEn0IrzKRB6oQ==
  dependencies:
    debug "^4.1.0"
    depd "^1.1.2"
    humanize-ms "^1.2.1"

debug@^4.1.0:
  version "4.1.0"
  resolved "https://registry.yarnpkg.com/debug/-/debug-4.1.0.tgz#373687bffa678b38b1cd91f861b63850035ddc87"
  integrity sha512-heNPJUJIqC+xB6ayLAMHaIrmN9HKa7aQO8MGqKpvCA+uJYVcvR6l5kgdrhRuwPFHU7P5/A1w0BjByPHwpfTDKg==
  dependencies:
    ms "^2.1.1"

depd@^1.1.2:
  version "1.1.2"
  resolved "https://registry.yarnpkg.com/depd/-/depd-1.1.2.tgz#9bcd52e14c097763e749b274c4346ed2e560b5a9"
  integrity sha1-m81S4UwJd2PnSbJ0xDRu0uVgtak=

humanize-ms@^1.2.1:
  version "1.2.1"
  resolved "https://registry.yarnpkg.com/humanize-ms/-/humanize-ms-1.2.1.tgz#c46e3159a293f6b896da29316d8b6fe8bb79bbed"
  integrity sha1-xG4xWaKT9riW2ikxbYtv6Lt5u+0=
  dependencies:
    ms "^2.0.0"

ms@^2.0.0, ms@^2.1.1:
  version "2.1.1"
  resolved "https://registry.yarnpkg.com/ms/-/ms-2.1.1.tgz#30a5864eb3ebb0a66f2ebe6d727af06a09d86e0a"
  integrity sha512-tgp+dl5cGk28utYktBsrFqA7HKgrhgPsg6Z/EfhWI4gl1Hwq8B/GmY/0oXZ6nF8hDVesS/FpnYaD/kOWhYQvyg==
